// !$*UTF8*$!
{
	archiveVersion = 1;
	classes = {
	};
	objectVersion = 46;
	objects = {

/* Begin PBXBuildFile section */
		18AB99FB18D176D00017BC6A /* Foundation.framework in Frameworks */ = {isa = PBXBuildFile; fileRef = 18AB99FA18D176D00017BC6A /* Foundation.framework */; };
		18AB99FD18D176D00017BC6A /* CoreGraphics.framework in Frameworks */ = {isa = PBXBuildFile; fileRef = 18AB99FC18D176D00017BC6A /* CoreGraphics.framework */; };
		18AB99FF18D176D00017BC6A /* UIKit.framework in Frameworks */ = {isa = PBXBuildFile; fileRef = 18AB99FE18D176D00017BC6A /* UIKit.framework */; };
		18AB9A0518D176D00017BC6A /* InfoPlist.strings in Resources */ = {isa = PBXBuildFile; fileRef = 18AB9A0318D176D00017BC6A /* InfoPlist.strings */; };
		18AB9A0718D176D00017BC6A /* main.m in Sources */ = {isa = PBXBuildFile; fileRef = 18AB9A0618D176D00017BC6A /* main.m */; };
		18AB9A0B18D176D00017BC6A /* WYAppDelegate.m in Sources */ = {isa = PBXBuildFile; fileRef = 18AB9A0A18D176D00017BC6A /* WYAppDelegate.m */; };
		18AB9A0D18D176D00017BC6A /* Images.xcassets in Resources */ = {isa = PBXBuildFile; fileRef = 18AB9A0C18D176D00017BC6A /* Images.xcassets */; };
		18AB9A1418D176D00017BC6A /* XCTest.framework in Frameworks */ = {isa = PBXBuildFile; fileRef = 18AB9A1318D176D00017BC6A /* XCTest.framework */; };
		18AB9A1518D176D00017BC6A /* Foundation.framework in Frameworks */ = {isa = PBXBuildFile; fileRef = 18AB99FA18D176D00017BC6A /* Foundation.framework */; };
		18AB9A1618D176D00017BC6A /* UIKit.framework in Frameworks */ = {isa = PBXBuildFile; fileRef = 18AB99FE18D176D00017BC6A /* UIKit.framework */; };
		18AB9A1E18D176D00017BC6A /* InfoPlist.strings in Resources */ = {isa = PBXBuildFile; fileRef = 18AB9A1C18D176D00017BC6A /* InfoPlist.strings */; };
		18AB9A2018D176D00017BC6A /* EMBA_DongCaiTests.m in Sources */ = {isa = PBXBuildFile; fileRef = 18AB9A1F18D176D00017BC6A /* EMBA_DongCaiTests.m */; };
/* End PBXBuildFile section */

/* Begin PBXContainerItemProxy section */
		18AB9A1718D176D00017BC6A /* PBXContainerItemProxy */ = {
			isa = PBXContainerItemProxy;
			containerPortal = 18AB99EF18D176D00017BC6A /* Project object */;
			proxyType = 1;
			remoteGlobalIDString = 18AB99F618D176D00017BC6A;
			remoteInfo = "EMBA-DongCai";
		};
/* End PBXContainerItemProxy section */

/* Begin PBXFileReference section */
		18AB99F718D176D00017BC6A /* EMBA-DongCai.app */ = {isa = PBXFileReference; explicitFileType = wrapper.application; includeInIndex = 0; path = "EMBA-DongCai.app"; sourceTree = BUILT_PRODUCTS_DIR; };
		18AB99FA18D176D00017BC6A /* Foundation.framework */ = {isa = PBXFileReference; lastKnownFileType = wrapper.framework; name = Foundation.framework; path = System/Library/Frameworks/Foundation.framework; sourceTree = SDKROOT; };
		18AB99FC18D176D00017BC6A /* CoreGraphics.framework */ = {isa = PBXFileReference; lastKnownFileType = wrapper.framework; name = CoreGraphics.framework; path = System/Library/Frameworks/CoreGraphics.framework; sourceTree = SDKROOT; };
		18AB99FE18D176D00017BC6A /* UIKit.framework */ = {isa = PBXFileReference; lastKnownFileType = wrapper.framework; name = UIKit.framework; path = System/Library/Frameworks/UIKit.framework; sourceTree = SDKROOT; };
		18AB9A0218D176D00017BC6A /* EMBA-DongCai-Info.plist */ = {isa = PBXFileReference; lastKnownFileType = text.plist.xml; path = "EMBA-DongCai-Info.plist"; sourceTree = "<group>"; };
		18AB9A0418D176D00017BC6A /* en */ = {isa = PBXFileReference; lastKnownFileType = text.plist.strings; name = en; path = en.lproj/InfoPlist.strings; sourceTree = "<group>"; };
		18AB9A0618D176D00017BC6A /* main.m */ = {isa = PBXFileReference; lastKnownFileType = sourcecode.c.objc; path = main.m; sourceTree = "<group>"; };
		18AB9A0818D176D00017BC6A /* EMBA-DongCai-Prefix.pch */ = {isa = PBXFileReference; lastKnownFileType = sourcecode.c.h; path = "EMBA-DongCai-Prefix.pch"; sourceTree = "<group>"; };
		18AB9A0918D176D00017BC6A /* WYAppDelegate.h */ = {isa = PBXFileReference; lastKnownFileType = sourcecode.c.h; path = WYAppDelegate.h; sourceTree = "<group>"; };
		18AB9A0A18D176D00017BC6A /* WYAppDelegate.m */ = {isa = PBXFileReference; lastKnownFileType = sourcecode.c.objc; path = WYAppDelegate.m; sourceTree = "<group>"; };
		18AB9A0C18D176D00017BC6A /* Images.xcassets */ = {isa = PBXFileReference; lastKnownFileType = folder.assetcatalog; path = Images.xcassets; sourceTree = "<group>"; };
		18AB9A1218D176D00017BC6A /* EMBA-DongCaiTests.xctest */ = {isa = PBXFileReference; explicitFileType = wrapper.cfbundle; includeInIndex = 0; path = "EMBA-DongCaiTests.xctest"; sourceTree = BUILT_PRODUCTS_DIR; };
		18AB9A1318D176D00017BC6A /* XCTest.framework */ = {isa = PBXFileReference; lastKnownFileType = wrapper.framework; name = XCTest.framework; path = Library/Frameworks/XCTest.framework; sourceTree = DEVELOPER_DIR; };
		18AB9A1B18D176D00017BC6A /* EMBA-DongCaiTests-Info.plist */ = {isa = PBXFileReference; lastKnownFileType = text.plist.xml; path = "EMBA-DongCaiTests-Info.plist"; sourceTree = "<group>"; };
		18AB9A1D18D176D00017BC6A /* en */ = {isa = PBXFileReference; lastKnownFileType = text.plist.strings; name = en; path = en.lproj/InfoPlist.strings; sourceTree = "<group>"; };
		18AB9A1F18D176D00017BC6A /* EMBA_DongCaiTests.m */ = {isa = PBXFileReference; lastKnownFileType = sourcecode.c.objc; path = EMBA_DongCaiTests.m; sourceTree = "<group>"; };
/* End PBXFileReference section */

/* Begin PBXFrameworksBuildPhase section */
		18AB99F418D176D00017BC6A /* Frameworks */ = {
			isa = PBXFrameworksBuildPhase;
			buildActionMask = 2147483647;
			files = (
				18AB99FD18D176D00017BC6A /* CoreGraphics.framework in Frameworks */,
				18AB99FF18D176D00017BC6A /* UIKit.framework in Frameworks */,
				18AB99FB18D176D00017BC6A /* Foundation.framework in Frameworks */,
			);
			runOnlyForDeploymentPostprocessing = 0;
		};
		18AB9A0F18D176D00017BC6A /* Frameworks */ = {
			isa = PBXFrameworksBuildPhase;
			buildActionMask = 2147483647;
			files = (
				18AB9A1418D176D00017BC6A /* XCTest.framework in Frameworks */,
				18AB9A1618D176D00017BC6A /* UIKit.framework in Frameworks */,
				18AB9A1518D176D00017BC6A /* Foundation.framework in Frameworks */,
			);
			runOnlyForDeploymentPostprocessing = 0;
		};
/* End PBXFrameworksBuildPhase section */

/* Begin PBXGroup section */
		18AB99EE18D176D00017BC6A = {
			isa = PBXGroup;
			children = (
				18AB9A0018D176D00017BC6A /* EMBA-DongCai */,
				18AB9A1918D176D00017BC6A /* EMBA-DongCaiTests */,
				18AB99F918D176D00017BC6A /* Frameworks */,
				18AB99F818D176D00017BC6A /* Products */,
			);
			sourceTree = "<group>";
		};
		18AB99F818D176D00017BC6A /* Products */ = {
			isa = PBXGroup;
			children = (
				18AB99F718D176D00017BC6A /* EMBA-DongCai.app */,
				18AB9A1218D176D00017BC6A /* EMBA-DongCaiTests.xctest */,
			);
			name = Products;
			sourceTree = "<group>";
		};
		18AB99F918D176D00017BC6A /* Frameworks */ = {
			isa = PBXGroup;
			children = (
				18AB99FA18D176D00017BC6A /* Foundation.framework */,
				18AB99FC18D176D00017BC6A /* CoreGraphics.framework */,
				18AB99FE18D176D00017BC6A /* UIKit.framework */,
				18AB9A1318D176D00017BC6A /* XCTest.framework */,
			);
			name = Frameworks;
			sourceTree = "<group>";
		};
		18AB9A0018D176D00017BC6A /* EMBA-DongCai */ = {
			isa = PBXGroup;
			children = (
				18AB9A0918D176D00017BC6A /* WYAppDelegate.h */,
				18AB9A0A18D176D00017BC6A /* WYAppDelegate.m */,
				18AB9A0C18D176D00017BC6A /* Images.xcassets */,
				18AB9A0118D176D00017BC6A /* Supporting Files */,
			);
			path = "EMBA-DongCai";
			sourceTree = "<group>";
		};
		18AB9A0118D176D00017BC6A /* Supporting Files */ = {
			isa = PBXGroup;
			children = (
				18AB9A0218D176D00017BC6A /* EMBA-DongCai-Info.plist */,
				18AB9A0318D176D00017BC6A /* InfoPlist.strings */,
				18AB9A0618D176D00017BC6A /* main.m */,
				18AB9A0818D176D00017BC6A /* EMBA-DongCai-Prefix.pch */,
			);
			name = "Supporting Files";
			sourceTree = "<group>";
		};
		18AB9A1918D176D00017BC6A /* EMBA-DongCaiTests */ = {
			isa = PBXGroup;
			children = (
				18AB9A1F18D176D00017BC6A /* EMBA_DongCaiTests.m */,
				18AB9A1A18D176D00017BC6A /* Supporting Files */,
			);
			path = "EMBA-DongCaiTests";
			sourceTree = "<group>";
		};
		18AB9A1A18D176D00017BC6A /* Supporting Files */ = {
			isa = PBXGroup;
			children = (
				18AB9A1B18D176D00017BC6A /* EMBA-DongCaiTests-Info.plist */,
				18AB9A1C18D176D00017BC6A /* InfoPlist.strings */,
			);
			name = "Supporting Files";
			sourceTree = "<group>";
		};
/* End PBXGroup section */

/* Begin PBXNativeTarget section */
		18AB99F618D176D00017BC6A /* EMBA-DongCai */ = {
			isa = PBXNativeTarget;
			buildConfigurationList = 18AB9A2318D176D00017BC6A /* Build configuration list for PBXNativeTarget "EMBA-DongCai" */;
			buildPhases = (
				18AB99F318D176D00017BC6A /* Sources */,
				18AB99F418D176D00017BC6A /* Frameworks */,
				18AB99F518D176D00017BC6A /* Resources */,
			);
			buildRules = (
			);
			dependencies = (
			);
			name = "EMBA-DongCai";
			productName = "EMBA-DongCai";
			productReference = 18AB99F718D176D00017BC6A /* EMBA-DongCai.app */;
			productType = "com.apple.product-type.application";
		};
		18AB9A1118D176D00017BC6A /* EMBA-DongCaiTests */ = {
			isa = PBXNativeTarget;
			buildConfigurationList = 18AB9A2618D176D00017BC6A /* Build configuration list for PBXNativeTarget "EMBA-DongCaiTests" */;
			buildPhases = (
				18AB9A0E18D176D00017BC6A /* Sources */,
				18AB9A0F18D176D00017BC6A /* Frameworks */,
				18AB9A1018D176D00017BC6A /* Resources */,
			);
			buildRules = (
			);
			dependencies = (
				18AB9A1818D176D00017BC6A /* PBXTargetDependency */,
			);
			name = "EMBA-DongCaiTests";
			productName = "EMBA-DongCaiTests";
			productReference = 18AB9A1218D176D00017BC6A /* EMBA-DongCaiTests.xctest */;
			productType = "com.apple.product-type.bundle.unit-test";
		};
/* End PBXNativeTarget section */

/* Begin PBXProject section */
		18AB99EF18D176D00017BC6A /* Project object */ = {
			isa = PBXProject;
			attributes = {
				CLASSPREFIX = WY;
				LastUpgradeCheck = 0500;
				ORGANIZATIONNAME = wanyue;
				TargetAttributes = {
					18AB9A1118D176D00017BC6A = {
						TestTargetID = 18AB99F618D176D00017BC6A;
					};
				};
			};
			buildConfigurationList = 18AB99F218D176D00017BC6A /* Build configuration list for PBXProject "EMBA-DongCai" */;
			compatibilityVersion = "Xcode 3.2";
			developmentRegion = English;
			hasScannedForEncodings = 0;
			knownRegions = (
				en,
			);
			mainGroup = 18AB99EE18D176D00017BC6A;
			productRefGroup = 18AB99F818D176D00017BC6A /* Products */;
			projectDirPath = "";
			projectRoot = "";
			targets = (
				18AB99F618D176D00017BC6A /* EMBA-DongCai */,
				18AB9A1118D176D00017BC6A /* EMBA-DongCaiTests */,
			);
		};
/* End PBXProject section */

/* Begin PBXResourcesBuildPhase section */
		18AB99F518D176D00017BC6A /* Resources */ = {
			isa = PBXResourcesBuildPhase;
			buildActionMask = 2147483647;
			files = (
				18AB9A0518D176D00017BC6A /* InfoPlist.strings in Resources */,
				18AB9A0D18D176D00017BC6A /* Images.xcassets in Resources */,
			);
			runOnlyForDeploymentPostprocessing = 0;
		};
		18AB9A1018D176D00017BC6A /* Resources */ = {
			isa = PBXResourcesBuildPhase;
			buildActionMask = 2147483647;
			files = (
				18AB9A1E18D176D00017BC6A /* InfoPlist.strings in Resources */,
			);
			runOnlyForDeploymentPostprocessing = 0;
		};
/* End PBXResourcesBuildPhase section */

/* Begin PBXSourcesBuildPhase section */
		18AB99F318D176D00017BC6A /* Sources */ = {
			isa = PBXSourcesBuildPhase;
			buildActionMask = 2147483647;
			files = (
				18AB9A0B18D176D00017BC6A /* WYAppDelegate.m in Sources */,
				18AB9A0718D176D00017BC6A /* main.m in Sources */,
			);
			runOnlyForDeploymentPostprocessing = 0;
		};
		18AB9A0E18D176D00017BC6A /* Sources */ = {
			isa = PBXSourcesBuildPhase;
			buildActionMask = 2147483647;
			files = (
				18AB9A2018D176D00017BC6A /* EMBA_DongCaiTests.m in Sources */,
			);
			runOnlyForDeploymentPostprocessing = 0;
		};
/* End PBXSourcesBuildPhase section */

/* Begin PBXTargetDependency section */
		18AB9A1818D176D00017BC6A /* PBXTargetDependency */ = {
			isa = PBXTargetDependency;
			target = 18AB99F618D176D00017BC6A /* EMBA-DongCai */;
			targetProxy = 18AB9A1718D176D00017BC6A /* PBXContainerItemProxy */;
		};
/* End PBXTargetDependency section */

/* Begin PBXVariantGroup section */
		18AB9A0318D176D00017BC6A /* InfoPlist.strings */ = {
			isa = PBXVariantGroup;
			children = (
				18AB9A0418D176D00017BC6A /* en */,
			);
			name = InfoPlist.strings;
			sourceTree = "<group>";
		};
		18AB9A1C18D176D00017BC6A /* InfoPlist.strings */ = {
			isa = PBXVariantGroup;
			children = (
				18AB9A1D18D176D00017BC6A /* en */,
			);
			name = InfoPlist.strings;
			sourceTree = "<group>";
		};
/* End PBXVariantGroup section */

/* Begin XCBuildConfiguration section */
		18AB9A2118D176D00017BC6A /* Debug */ = {
			isa = XCBuildConfiguration;
			buildSettings = {
				ALWAYS_SEARCH_USER_PATHS = NO;
				ARCHS = "$(ARCHS_STANDARD_INCLUDING_64_BIT)";
				CLANG_CXX_LANGUAGE_STANDARD = "gnu++0x";
				CLANG_CXX_LIBRARY = "libc++";
				CLANG_ENABLE_MODULES = YES;
				CLANG_ENABLE_OBJC_ARC = YES;
				CLANG_WARN_BOOL_CONVERSION = YES;
				CLANG_WARN_CONSTANT_CONVERSION = YES;
				CLANG_WARN_DIRECT_OBJC_ISA_USAGE = YES_ERROR;
				CLANG_WARN_EMPTY_BODY = YES;
				CLANG_WARN_ENUM_CONVERSION = YES;
				CLANG_WARN_INT_CONVERSION = YES;
				CLANG_WARN_OBJC_ROOT_CLASS = YES_ERROR;
				CLANG_WARN__DUPLICATE_METHOD_MATCH = YES;
				"CODE_SIGN_IDENTITY[sdk=iphoneos*]" = "iPhone Developer";
				COPY_PHASE_STRIP = NO;
				GCC_C_LANGUAGE_STANDARD = gnu99;
				GCC_DYNAMIC_NO_PIC = NO;
				GCC_OPTIMIZATION_LEVEL = 0;
				GCC_PREPROCESSOR_DEFINITIONS = (
					"DEBUG=1",
					"$(inherited)",
				);
				GCC_SYMBOLS_PRIVATE_EXTERN = NO;
				GCC_WARN_64_TO_32_BIT_CONVERSION = YES;
				GCC_WARN_ABOUT_RETURN_TYPE = YES_ERROR;
				GCC_WARN_UNDECLARED_SELECTOR = YES;
				GCC_WARN_UNINITIALIZED_AUTOS = YES;
				GCC_WARN_UNUSED_FUNCTION = YES;
				GCC_WARN_UNUSED_VARIABLE = YES;
				IPHONEOS_DEPLOYMENT_TARGET = 7.0;
				ONLY_ACTIVE_ARCH = YES;
				SDKROOT = iphoneos;
			};
			name = Debug;
		};
		18AB9A2218D176D00017BC6A /* Release */ = {
			isa = XCBuildConfiguration;
			buildSettings = {
				ALWAYS_SEARCH_USER_PATHS = NO;
				ARCHS = "$(ARCHS_STANDARD_INCLUDING_64_BIT)";
				CLANG_CXX_LANGUAGE_STANDARD = "gnu++0x";
				CLANG_CXX_LIBRARY = "libc++";
				CLANG_ENABLE_MODULES = YES;
				CLANG_ENABLE_OBJC_ARC = YES;
				CLANG_WARN_BOOL_CONVERSION = YES;
				CLANG_WARN_CONSTANT_CONVERSION = YES;
				CLANG_WARN_DIRECT_OBJC_ISA_USAGE = YES_ERROR;
				CLANG_WARN_EMPTY_BODY = YES;
				CLANG_WARN_ENUM_CONVERSION = YES;
				CLANG_WARN_INT_CONVERSION = YES;
				CLANG_WARN_OBJC_ROOT_CLASS = YES_ERROR;
				CLANG_WARN__DUPLICATE_METHOD_MATCH = YES;
				"CODE_SIGN_IDENTITY[sdk=iphoneos*]" = "iPhone Developer";
				COPY_PHASE_STRIP = YES;
				ENABLE_NS_ASSERTIONS = NO;
				GCC_C_LANGUAGE_STANDARD = gnu99;
				GCC_WARN_64_TO_32_BIT_CONVERSION = YES;
				GCC_WARN_ABOUT_RETURN_TYPE = YES_ERROR;
				GCC_WARN_UNDECLARED_SELECTOR = YES;
				GCC_WARN_UNINITIALIZED_AUTOS = YES;
				GCC_WARN_UNUSED_FUNCTION = YES;
				GCC_WARN_UNUSED_VARIABLE = YES;
				IPHONEOS_DEPLOYMENT_TARGET = 7.0;
				SDKROOT = iphoneos;
				VALIDATE_PRODUCT = YES;
			};
			name = Release;
		};
		18AB9A2418D176D00017BC6A /* Debug */ = {
			isa = XCBuildConfiguration;
			buildSettings = {
				ASSETCATALOG_COMPILER_APPICON_NAME = AppIcon;
				ASSETCATALOG_COMPILER_LAUNCHIMAGE_NAME = LaunchImage;
				GCC_PRECOMPILE_PREFIX_HEADER = YES;
				GCC_PREFIX_HEADER = "EMBA-DongCai/EMBA-DongCai-Prefix.pch";
				INFOPLIST_FILE = "EMBA-DongCai/EMBA-DongCai-Info.plist";
				PRODUCT_NAME = "$(TARGET_NAME)";
				WRAPPER_EXTENSION = app;
			};
			name = Debug;
		};
		18AB9A2518D176D00017BC6A /* Release */ = {
			isa = XCBuildConfiguration;
			buildSettings = {
				ASSETCATALOG_COMPILER_APPICON_NAME = AppIcon;
				ASSETCATALOG_COMPILER_LAUNCHIMAGE_NAME = LaunchImage;
				GCC_PRECOMPILE_PREFIX_HEADER = YES;
				GCC_PREFIX_HEADER = "EMBA-DongCai/EMBA-DongCai-Prefix.pch";
				INFOPLIST_FILE = "EMBA-DongCai/EMBA-DongCai-Info.plist";
				PRODUCT_NAME = "$(TARGET_NAME)";
				WRAPPER_EXTENSION = app;
			};
			name = Release;
		};
		18AB9A2718D176D00017BC6A /* Debug */ = {
			isa = XCBuildConfiguration;
			buildSettings = {
				ARCHS = "$(ARCHS_STANDARD_INCLUDING_64_BIT)";
				BUNDLE_LOADER = "$(BUILT_PRODUCTS_DIR)/EMBA-DongCai.app/EMBA-DongCai";
				FRAMEWORK_SEARCH_PATHS = (
					"$(SDKROOT)/Developer/Library/Frameworks",
					"$(inherited)",
					"$(DEVELOPER_FRAMEWORKS_DIR)",
				);
				GCC_PRECOMPILE_PREFIX_HEADER = YES;
				GCC_PREFIX_HEADER = "EMBA-DongCai/EMBA-DongCai-Prefix.pch";
				GCC_PREPROCESSOR_DEFINITIONS = (
					"DEBUG=1",
					"$(inherited)",
				);
				INFOPLIST_FILE = "EMBA-DongCaiTests/EMBA-DongCaiTests-Info.plist";
				PRODUCT_NAME = "$(TARGET_NAME)";
				TEST_HOST = "$(BUNDLE_LOADER)";
				WRAPPER_EXTENSION = xctest;
			};
			name = Debug;
		};
		18AB9A2818D176D00017BC6A /* Release */ = {
			isa = XCBuildConfiguration;
			buildSettings = {
				ARCHS = "$(ARCHS_STANDARD_INCLUDING_64_BIT)";
				BUNDLE_LOADER = "$(BUILT_PRODUCTS_DIR)/EMBA-DongCai.app/EMBA-DongCai";
				FRAMEWORK_SEARCH_PATHS = (
					"$(SDKROOT)/Developer/Library/Frameworks",
					"$(inherited)",
					"$(DEVELOPER_FRAMEWORKS_DIR)",
				);
				GCC_PRECOMPILE_PREFIX_HEADER = YES;
				GCC_PREFIX_HEADER = "EMBA-DongCai/EMBA-DongCai-Prefix.pch";
				INFOPLIST_FILE = "EMBA-DongCaiTests/EMBA-DongCaiTests-Info.plist";
				PRODUCT_NAME = "$(TARGET_NAME)";
				TEST_HOST = "$(BUNDLE_LOADER)";
				WRAPPER_EXTENSION = xctest;
			};
			name = Release;
		};
/* End XCBuildConfiguration section */

/* Begin XCConfigurationList section */
		18AB99F218D176D00017BC6A /* Build configuration list for PBXProject "EMBA-DongCai" */ = {
			isa = XCConfigurationList;
			buildConfigurations = (
				18AB9A2118D176D00017BC6A /* Debug */,
				18AB9A2218D176D00017BC6A /* Release */,
			);
			defaultConfigurationIsVisible = 0;
			defaultConfigurationName = Release;
		};
		18AB9A2318D176D00017BC6A /* Build configuration list for PBXNativeTarget "EMBA-DongCai" */ = {
			isa = XCConfigurationList;
			buildConfigurations = (
				18AB9A2418D176D00017BC6A /* Debug */,
				18AB9A2518D176D00017BC6A /* Release */,
			);
			defaultConfigurationIsVisible = 0;
		};
		18AB9A2618D176D00017BC6A /* Build configuration list for PBXNativeTarget "EMBA-DongCaiTests" */ = {
			isa = XCConfigurationList;
			buildConfigurations = (
				18AB9A2718D176D00017BC6A /* Debug */,
				18AB9A2818D176D00017BC6A /* Release */,
			);
			defaultConfigurationIsVisible = 0;
		};
/* End XCConfigurationList section */
	};
	rootObject = 18AB99EF18D176D00017BC6A /* Project object */;
}
